{
  "version": "2",
  "remote": {
    "https://deno.land/std@0.168.0/fmt/colors.ts": "03ad95e543d2808bc43c17a3dd29d25b43d0f16287fe562a0be89bf632454a12",
    "https://deno.land/std@0.168.0/testing/_diff.ts": "a23e7fc2b4d8daa3e158fa06856bedf5334ce2a2831e8bf9e509717f455adb2c",
    "https://deno.land/std@0.168.0/testing/_format.ts": "cd11136e1797791045e639e9f0f4640d5b4166148796cad37e6ef75f7d7f3832",
    "https://deno.land/std@0.168.0/testing/asserts.ts": "51353e79437361d4b02d8e32f3fc83b22231bc8f8d4c841d86fd32b0b0afe940",
    "https://deno.land/std@0.202.0/dotenv/mod.ts": "1da8c6d0e7f7d8a5c2b19400b763bc11739df24acec235dda7ea2cfd3d300057",
    "https://deno.land/std@0.83.0/bytes/mod.ts": "e4f91c6473fe13e3cf1a23649137f87f49135c10bc08fc0f83382a0fb0b03744",
    "https://deno.land/x/readline@v1.1.0/deps.ts": "ad98d16593ba9981320c193bc306cb6c00b491ad4ea265ff3c8b26285bcba74a",
    "https://deno.land/x/readline@v1.1.0/mod.ts": "fdfe3162d558e75c3ae20e7f23e0fe894205c1040ab08b1bd5169da877594487",
    "https://esm.sh/@supabase/supabase-js@2.38.0": "5d6c810041d3920673b6a8521e9156038901d09a1395a5455b190b8835d3e790",
    "https://esm.sh/v133/@supabase/functions-js@2.1.5/denonext/functions-js.mjs": "baba764a4f87e1b0abc01adb3cee8eff1d78781576ef5ac963fad753777238af",
    "https://esm.sh/v133/@supabase/gotrue-js@2.55.0/denonext/gotrue-js.mjs": "ead72a1eb6abf95c107e8bf63d6ab10c417739e4098733b3d2cf19884f63bf68",
    "https://esm.sh/v133/@supabase/node-fetch@2.6.14/denonext/node-fetch.mjs": "23a71af3512da67a8757ab1e2356fa22565758444ea1fc08e0de0e8d4625e8aa",
    "https://esm.sh/v133/@supabase/postgrest-js@1.8.4/denonext/postgrest-js.mjs": "be6bb16c512f1bc72d523cd95e82f814a37983805715e44b957061d88157fcbf",
    "https://esm.sh/v133/@supabase/realtime-js@2.8.0/denonext/realtime-js.mjs": "ca3121a97e25b09c3598e84fbd9b098ed4fd8a960dd2cdce0fba75a5968216af",
    "https://esm.sh/v133/@supabase/storage-js@2.5.4/denonext/storage-js.mjs": "00a848e496164c164dcdc2b40a294190b05d18b6ecb722c5b78eb83ee67ea4e9",
    "https://esm.sh/v133/@supabase/supabase-js@2.38.0/denonext/supabase-js.mjs": "3db90a41fe1093b4a00b2e1e9fcbd6d88808ea204b9a19c9b1361f85b049bec4",
    "https://esm.sh/v133/es5-ext@0.10.62/denonext/global.js": "2f51d9acef1f761faaa542da919b3c747744ea29fe709d0a904fd531716a93d6",
    "https://esm.sh/v133/websocket@1.0.34/denonext/websocket.mjs": "81cb3821c85e307548b6024cd4a56ca9519f3b0a68fc258a60f06a995fd11517"
  }
}
